
Microsoft Visual Studio Solution File, Format Version 12.00
# Visual Studio 15
VisualStudioVersion = 15.0.28307.489
MinimumVisualStudioVersion = 10.0.40219.1
Project("{FAE04EC0-301F-11D3-BF4B-00C04F79EFBC}") = "CheckoutCart.Data.Model", "Checkout.Data.Model\CheckoutCart.Data.Model.csproj", "{F5B77258-0A5E-41FB-906C-7E777891E835}"
EndProject
Project("{FAE04EC0-301F-11D3-BF4B-00C04F79EFBC}") = "CheckoutCart.Data.Model.Core", "Checkout.Data.Model.Core\CheckoutCart.Data.Model.Core.csproj", "{7E3E3968-B308-4E34-BC15-9A85117AC77E}"
EndProject
Project("{FAE04EC0-301F-11D3-BF4B-00C04F79EFBC}") = "CheckoutCart.Host.WebAPI", "Checkout.Host.WebAPI\CheckoutCart.Host.WebAPI.csproj", "{DE016D32-C8FB-4E41-B297-1294FD774F4B}"
EndProject
Project("{FAE04EC0-301F-11D3-BF4B-00C04F79EFBC}") = "CheckoutCart.DataContract", "CheckoutCart.DataContract\CheckoutCart.DataContract.csproj", "{2D076546-EDC7-4C3E-AC43-56B710B61DEA}"
EndProject
Project("{FAE04EC0-301F-11D3-BF4B-00C04F79EFBC}") = "Checkout.CrossCutting.Core", "Checkout.CrossCutting.Core\Checkout.CrossCutting.Core.csproj", "{9BE68028-262E-4B02-8B4E-C09924860192}"
EndProject
Project("{FAE04EC0-301F-11D3-BF4B-00C04F79EFBC}") = "Checkout.CrossCutting.Framework", "Checkout.CrossCutting.Framework\Checkout.CrossCutting.Framework.csproj", "{652DA034-C0B4-48EB-B3F7-614B2106AAE3}"
EndProject
Project("{FAE04EC0-301F-11D3-BF4B-00C04F79EFBC}") = "CheckoutCart.Services", "CheckoutCart.Services\CheckoutCart.Services.csproj", "{DA178715-B240-47DF-B99B-B435108F0B39}"
EndProject
Project("{FAE04EC0-301F-11D3-BF4B-00C04F79EFBC}") = "Checkout.Cart.Client", "Checkout.Cart.Client\Checkout.Cart.Client.csproj", "{4ECAF8B0-143B-46DE-B9E6-5A44DB8FF6D1}"
EndProject
Project("{FAE04EC0-301F-11D3-BF4B-00C04F79EFBC}") = "CheckoutCart.Client.Demo", "CheckoutCart.Client.Demo\CheckoutCart.Client.Demo.csproj", "{8ABB4A09-3B6F-467B-A556-143998248A45}"
EndProject
Project("{2150E333-8FDC-42A3-9474-1A3956D46DE8}") = "Client", "Client", "{953E4A8F-3440-441D-A363-44786DE0ED76}"
EndProject
Project("{2150E333-8FDC-42A3-9474-1A3956D46DE8}") = "CrossCutting", "CrossCutting", "{47386B41-44AD-414B-9747-991630354B8A}"
EndProject
Project("{2150E333-8FDC-42A3-9474-1A3956D46DE8}") = "Data", "Data", "{3E1D34BC-6419-4AE5-84DB-9A09DE4BEE87}"
EndProject
Project("{2150E333-8FDC-42A3-9474-1A3956D46DE8}") = "Service", "Service", "{B53B7240-1F95-4B32-B8C0-D327CC9A8E46}"
EndProject
Global
	GlobalSection(SolutionConfigurationPlatforms) = preSolution
		Debug|Any CPU = Debug|Any CPU
		DEV|Any CPU = DEV|Any CPU
		PROD|Any CPU = PROD|Any CPU
		Release|Any CPU = Release|Any CPU
	EndGlobalSection
	GlobalSection(ProjectConfigurationPlatforms) = postSolution
		{F5B77258-0A5E-41FB-906C-7E777891E835}.Debug|Any CPU.ActiveCfg = Debug|Any CPU
		{F5B77258-0A5E-41FB-906C-7E777891E835}.Debug|Any CPU.Build.0 = Debug|Any CPU
		{F5B77258-0A5E-41FB-906C-7E777891E835}.DEV|Any CPU.ActiveCfg = Debug|Any CPU
		{F5B77258-0A5E-41FB-906C-7E777891E835}.DEV|Any CPU.Build.0 = Debug|Any CPU
		{F5B77258-0A5E-41FB-906C-7E777891E835}.PROD|Any CPU.ActiveCfg = Release|Any CPU
		{F5B77258-0A5E-41FB-906C-7E777891E835}.PROD|Any CPU.Build.0 = Release|Any CPU
		{F5B77258-0A5E-41FB-906C-7E777891E835}.Release|Any CPU.ActiveCfg = Release|Any CPU
		{F5B77258-0A5E-41FB-906C-7E777891E835}.Release|Any CPU.Build.0 = Release|Any CPU
		{7E3E3968-B308-4E34-BC15-9A85117AC77E}.Debug|Any CPU.ActiveCfg = Debug|Any CPU
		{7E3E3968-B308-4E34-BC15-9A85117AC77E}.Debug|Any CPU.Build.0 = Debug|Any CPU
		{7E3E3968-B308-4E34-BC15-9A85117AC77E}.DEV|Any CPU.ActiveCfg = Debug|Any CPU
		{7E3E3968-B308-4E34-BC15-9A85117AC77E}.DEV|Any CPU.Build.0 = Debug|Any CPU
		{7E3E3968-B308-4E34-BC15-9A85117AC77E}.PROD|Any CPU.ActiveCfg = Release|Any CPU
		{7E3E3968-B308-4E34-BC15-9A85117AC77E}.PROD|Any CPU.Build.0 = Release|Any CPU
		{7E3E3968-B308-4E34-BC15-9A85117AC77E}.Release|Any CPU.ActiveCfg = Release|Any CPU
		{7E3E3968-B308-4E34-BC15-9A85117AC77E}.Release|Any CPU.Build.0 = Release|Any CPU
		{DE016D32-C8FB-4E41-B297-1294FD774F4B}.Debug|Any CPU.ActiveCfg = Debug|Any CPU
		{DE016D32-C8FB-4E41-B297-1294FD774F4B}.Debug|Any CPU.Build.0 = Debug|Any CPU
		{DE016D32-C8FB-4E41-B297-1294FD774F4B}.DEV|Any CPU.ActiveCfg = Debug|Any CPU
		{DE016D32-C8FB-4E41-B297-1294FD774F4B}.DEV|Any CPU.Build.0 = Debug|Any CPU
		{DE016D32-C8FB-4E41-B297-1294FD774F4B}.PROD|Any CPU.ActiveCfg = Release|Any CPU
		{DE016D32-C8FB-4E41-B297-1294FD774F4B}.PROD|Any CPU.Build.0 = Release|Any CPU
		{DE016D32-C8FB-4E41-B297-1294FD774F4B}.Release|Any CPU.ActiveCfg = Release|Any CPU
		{DE016D32-C8FB-4E41-B297-1294FD774F4B}.Release|Any CPU.Build.0 = Release|Any CPU
		{2D076546-EDC7-4C3E-AC43-56B710B61DEA}.Debug|Any CPU.ActiveCfg = Debug|Any CPU
		{2D076546-EDC7-4C3E-AC43-56B710B61DEA}.Debug|Any CPU.Build.0 = Debug|Any CPU
		{2D076546-EDC7-4C3E-AC43-56B710B61DEA}.DEV|Any CPU.ActiveCfg = Debug|Any CPU
		{2D076546-EDC7-4C3E-AC43-56B710B61DEA}.DEV|Any CPU.Build.0 = Debug|Any CPU
		{2D076546-EDC7-4C3E-AC43-56B710B61DEA}.PROD|Any CPU.ActiveCfg = Release|Any CPU
		{2D076546-EDC7-4C3E-AC43-56B710B61DEA}.PROD|Any CPU.Build.0 = Release|Any CPU
		{2D076546-EDC7-4C3E-AC43-56B710B61DEA}.Release|Any CPU.ActiveCfg = Release|Any CPU
		{2D076546-EDC7-4C3E-AC43-56B710B61DEA}.Release|Any CPU.Build.0 = Release|Any CPU
		{9BE68028-262E-4B02-8B4E-C09924860192}.Debug|Any CPU.ActiveCfg = Debug|Any CPU
		{9BE68028-262E-4B02-8B4E-C09924860192}.Debug|Any CPU.Build.0 = Debug|Any CPU
		{9BE68028-262E-4B02-8B4E-C09924860192}.DEV|Any CPU.ActiveCfg = DEV|Any CPU
		{9BE68028-262E-4B02-8B4E-C09924860192}.DEV|Any CPU.Build.0 = DEV|Any CPU
		{9BE68028-262E-4B02-8B4E-C09924860192}.PROD|Any CPU.ActiveCfg = PROD|Any CPU
		{9BE68028-262E-4B02-8B4E-C09924860192}.PROD|Any CPU.Build.0 = PROD|Any CPU
		{9BE68028-262E-4B02-8B4E-C09924860192}.Release|Any CPU.ActiveCfg = Release|Any CPU
		{9BE68028-262E-4B02-8B4E-C09924860192}.Release|Any CPU.Build.0 = Release|Any CPU
		{652DA034-C0B4-48EB-B3F7-614B2106AAE3}.Debug|Any CPU.ActiveCfg = Debug|Any CPU
		{652DA034-C0B4-48EB-B3F7-614B2106AAE3}.Debug|Any CPU.Build.0 = Debug|Any CPU
		{652DA034-C0B4-48EB-B3F7-614B2106AAE3}.DEV|Any CPU.ActiveCfg = DEV|Any CPU
		{652DA034-C0B4-48EB-B3F7-614B2106AAE3}.DEV|Any CPU.Build.0 = DEV|Any CPU
		{652DA034-C0B4-48EB-B3F7-614B2106AAE3}.PROD|Any CPU.ActiveCfg = PROD|Any CPU
		{652DA034-C0B4-48EB-B3F7-614B2106AAE3}.PROD|Any CPU.Build.0 = PROD|Any CPU
		{652DA034-C0B4-48EB-B3F7-614B2106AAE3}.Release|Any CPU.ActiveCfg = Release|Any CPU
		{652DA034-C0B4-48EB-B3F7-614B2106AAE3}.Release|Any CPU.Build.0 = Release|Any CPU
		{DA178715-B240-47DF-B99B-B435108F0B39}.Debug|Any CPU.ActiveCfg = Debug|Any CPU
		{DA178715-B240-47DF-B99B-B435108F0B39}.Debug|Any CPU.Build.0 = Debug|Any CPU
		{DA178715-B240-47DF-B99B-B435108F0B39}.DEV|Any CPU.ActiveCfg = Debug|Any CPU
		{DA178715-B240-47DF-B99B-B435108F0B39}.DEV|Any CPU.Build.0 = Debug|Any CPU
		{DA178715-B240-47DF-B99B-B435108F0B39}.PROD|Any CPU.ActiveCfg = Release|Any CPU
		{DA178715-B240-47DF-B99B-B435108F0B39}.PROD|Any CPU.Build.0 = Release|Any CPU
		{DA178715-B240-47DF-B99B-B435108F0B39}.Release|Any CPU.ActiveCfg = Release|Any CPU
		{DA178715-B240-47DF-B99B-B435108F0B39}.Release|Any CPU.Build.0 = Release|Any CPU
		{4ECAF8B0-143B-46DE-B9E6-5A44DB8FF6D1}.Debug|Any CPU.ActiveCfg = Debug|Any CPU
		{4ECAF8B0-143B-46DE-B9E6-5A44DB8FF6D1}.Debug|Any CPU.Build.0 = Debug|Any CPU
		{4ECAF8B0-143B-46DE-B9E6-5A44DB8FF6D1}.DEV|Any CPU.ActiveCfg = Debug|Any CPU
		{4ECAF8B0-143B-46DE-B9E6-5A44DB8FF6D1}.DEV|Any CPU.Build.0 = Debug|Any CPU
		{4ECAF8B0-143B-46DE-B9E6-5A44DB8FF6D1}.PROD|Any CPU.ActiveCfg = Release|Any CPU
		{4ECAF8B0-143B-46DE-B9E6-5A44DB8FF6D1}.PROD|Any CPU.Build.0 = Release|Any CPU
		{4ECAF8B0-143B-46DE-B9E6-5A44DB8FF6D1}.Release|Any CPU.ActiveCfg = Release|Any CPU
		{4ECAF8B0-143B-46DE-B9E6-5A44DB8FF6D1}.Release|Any CPU.Build.0 = Release|Any CPU
		{8ABB4A09-3B6F-467B-A556-143998248A45}.Debug|Any CPU.ActiveCfg = Debug|Any CPU
		{8ABB4A09-3B6F-467B-A556-143998248A45}.Debug|Any CPU.Build.0 = Debug|Any CPU
		{8ABB4A09-3B6F-467B-A556-143998248A45}.DEV|Any CPU.ActiveCfg = Debug|Any CPU
		{8ABB4A09-3B6F-467B-A556-143998248A45}.DEV|Any CPU.Build.0 = Debug|Any CPU
		{8ABB4A09-3B6F-467B-A556-143998248A45}.PROD|Any CPU.ActiveCfg = Release|Any CPU
		{8ABB4A09-3B6F-467B-A556-143998248A45}.PROD|Any CPU.Build.0 = Release|Any CPU
		{8ABB4A09-3B6F-467B-A556-143998248A45}.Release|Any CPU.ActiveCfg = Release|Any CPU
		{8ABB4A09-3B6F-467B-A556-143998248A45}.Release|Any CPU.Build.0 = Release|Any CPU
	EndGlobalSection
	GlobalSection(SolutionProperties) = preSolution
		HideSolutionNode = FALSE
	EndGlobalSection
	GlobalSection(NestedProjects) = preSolution
		{F5B77258-0A5E-41FB-906C-7E777891E835} = {3E1D34BC-6419-4AE5-84DB-9A09DE4BEE87}
		{7E3E3968-B308-4E34-BC15-9A85117AC77E} = {3E1D34BC-6419-4AE5-84DB-9A09DE4BEE87}
		{DE016D32-C8FB-4E41-B297-1294FD774F4B} = {B53B7240-1F95-4B32-B8C0-D327CC9A8E46}
		{2D076546-EDC7-4C3E-AC43-56B710B61DEA} = {3E1D34BC-6419-4AE5-84DB-9A09DE4BEE87}
		{9BE68028-262E-4B02-8B4E-C09924860192} = {47386B41-44AD-414B-9747-991630354B8A}
		{652DA034-C0B4-48EB-B3F7-614B2106AAE3} = {47386B41-44AD-414B-9747-991630354B8A}
		{DA178715-B240-47DF-B99B-B435108F0B39} = {B53B7240-1F95-4B32-B8C0-D327CC9A8E46}
		{4ECAF8B0-143B-46DE-B9E6-5A44DB8FF6D1} = {953E4A8F-3440-441D-A363-44786DE0ED76}
		{8ABB4A09-3B6F-467B-A556-143998248A45} = {953E4A8F-3440-441D-A363-44786DE0ED76}
	EndGlobalSection
	GlobalSection(ExtensibilityGlobals) = postSolution
		SolutionGuid = {6CE6C426-9DB5-448F-8F37-9CC1AD4DF82C}
	EndGlobalSection
EndGlobal
